
Microsoft Visual Studio Solution File, Format Version 12.00
# Visual Studio Version 17
VisualStudioVersion = 17.4.33110.190
MinimumVisualStudioVersion = 10.0.40219.1
Project("{8BC9CEB8-8B4A-11D0-8D11-00A0C91BC942}") = "AoC2022", "AoC2022\AoC2022.vcxproj", "{389AC866-364A-4192-85F9-48704483993F}"
EndProject
Global
	GlobalSection(SolutionConfigurationPlatforms) = preSolution
		Debug|x64 = Debug|x64
		Debug|x86 = Debug|x86
		Release|x64 = Release|x64
		Release|x86 = Release|x86
	EndGlobalSection
	GlobalSection(ProjectConfigurationPlatforms) = postSolution
		{389AC866-364A-4192-85F9-48704483993F}.Debug|x64.ActiveCfg = Debug|x64
		{389AC866-364A-4192-85F9-48704483993F}.Debug|x64.Build.0 = Debug|x64
		{389AC866-364A-4192-85F9-48704483993F}.Debug|x86.ActiveCfg = Debug|Win32
		{389AC866-364A-4192-85F9-48704483993F}.Debug|x86.Build.0 = Debug|Win32
		{389AC866-364A-4192-85F9-48704483993F}.Release|x64.ActiveCfg = Release|x64
		{389AC866-364A-4192-85F9-48704483993F}.Release|x64.Build.0 = Release|x64
		{389AC866-364A-4192-85F9-48704483993F}.Release|x86.ActiveCfg = Release|Win32
		{389AC866-364A-4192-85F9-48704483993F}.Release|x86.Build.0 = Release|Win32
	EndGlobalSection
	GlobalSection(SolutionProperties) = preSolution
		HideSolutionNode = FALSE
	EndGlobalSection
	GlobalSection(ExtensibilityGlobals) = postSolution
		SolutionGuid = {FB8A454A-D847-41ED-824C-773539ADB12A}
	EndGlobalSection
EndGlobal
