<?xml version="1.0" encoding="utf-8"?>
<Project ToolsVersion="4.0" xmlns="http://schemas.microsoft.com/developer/msbuild/2003">
  <ItemGroup>
    <Filter Include="Archivos de origen">
      <UniqueIdentifier>{4FC737F1-C7A5-4376-A066-2A32D752A2FF}</UniqueIdentifier>
      <Extensions>cpp;c;cc;cxx;c++;cppm;ixx;def;odl;idl;hpj;bat;asm;asmx</Extensions>
    </Filter>
    <Filter Include="Archivos de encabezado">
      <UniqueIdentifier>{93995380-89BD-4b04-88EB-625FBE52EBFB}</UniqueIdentifier>
      <Extensions>h;hh;hpp;hxx;h++;hm;inl;inc;ipp;xsd</Extensions>
    </Filter>
    <Filter Include="Archivos de recursos">
      <UniqueIdentifier>{67DA6AB6-F800-4c08-8B7A-83BB121AAD01}</UniqueIdentifier>
      <Extensions>rc;ico;cur;bmp;dlg;rc2;rct;bin;rgs;gif;jpg;jpeg;jpe;resx;tiff;tif;png;wav;mfcribbon-ms</Extensions>
    </Filter>
  </ItemGroup>
  <ItemGroup>
    <Text Include="data\data01.txt" />
    <Text Include="data\data02.txt" />
    <Text Include="data\data03.txt" />
    <Text Include="data\data04.txt" />
    <Text Include="data\data05.txt" />
    <Text Include="data\data06.txt" />
    <Text Include="data\data01-test.txt" />
    <Text Include="data\data02-test.txt" />
    <Text Include="data\data03-test.txt" />
    <Text Include="data\data04-test.txt" />
    <Text Include="data\data05-test.txt" />
    <Text Include="data\data06-test.txt" />
    <Text Include="data\data07.txt" />
    <Text Include="data\data07-test.txt" />
    <Text Include="data\data08.txt" />
    <Text Include="data\data08-test.txt" />
    <Text Include="data\data09.txt" />
    <Text Include="data\data09-test.txt" />
    <Text Include="data\data10.txt" />
    <Text Include="data\data10-test.txt" />
    <Text Include="data\data11.txt" />
    <Text Include="data\data11-test.txt" />
    <Text Include="data\data12.txt" />
    <Text Include="data\data12-test.txt" />
    <Text Include="data\data15.txt" />
    <Text Include="data\data15-test.txt" />
    <Text Include="data\data21.txt" />
    <Text Include="data\data21-test.txt" />
    <Text Include="data\data25.txt" />
    <Text Include="data\data25-test.txt" />
    <Text Include="data\data14.txt" />
    <Text Include="data\data14-test.txt" />
    <Text Include="data\data23.txt" />
    <Text Include="data\data23-test.txt" />
    <Text Include="data\data18.txt" />
    <Text Include="data\data18-test.txt" />
  </ItemGroup>
  <ItemGroup>
    <ClCompile Include="src\main.cpp">
      <Filter>Archivos de origen</Filter>
    </ClCompile>
  </ItemGroup>
  <ItemGroup>
    <ClInclude Include="src\AoC22.h">
      <Filter>Archivos de encabezado</Filter>
    </ClInclude>
    <ClInclude Include="src\AoC_day01.h">
      <Filter>Archivos de encabezado</Filter>
    </ClInclude>
    <ClInclude Include="src\AoC_day02.h">
      <Filter>Archivos de encabezado</Filter>
    </ClInclude>
    <ClInclude Include="src\AoC_dayXX.h">
      <Filter>Archivos de encabezado</Filter>
    </ClInclude>
    <ClInclude Include="src\AoC_day03.h">
      <Filter>Archivos de encabezado</Filter>
    </ClInclude>
    <ClInclude Include="src\AoC_day04.h">
      <Filter>Archivos de encabezado</Filter>
    </ClInclude>
    <ClInclude Include="src\AoC_day05.h">
      <Filter>Archivos de encabezado</Filter>
    </ClInclude>
    <ClInclude Include="src\AoC_day21_2021.h">
      <Filter>Archivos de encabezado</Filter>
    </ClInclude>
    <ClInclude Include="src\AoC_day06.h">
      <Filter>Archivos de encabezado</Filter>
    </ClInclude>
    <ClInclude Include="src\AoC_day07.h">
      <Filter>Archivos de encabezado</Filter>
    </ClInclude>
    <ClInclude Include="src\AoC_day08.h">
      <Filter>Archivos de encabezado</Filter>
    </ClInclude>
    <ClInclude Include="src\AoC_day09.h">
      <Filter>Archivos de encabezado</Filter>
    </ClInclude>
    <ClInclude Include="src\AoC_day10.h">
      <Filter>Archivos de encabezado</Filter>
    </ClInclude>
    <ClInclude Include="src\AoC_day11.h">
      <Filter>Archivos de encabezado</Filter>
    </ClInclude>
    <ClInclude Include="src\AoC_day12.h">
      <Filter>Archivos de encabezado</Filter>
    </ClInclude>
    <ClInclude Include="src\AoC_day15.h">
      <Filter>Archivos de encabezado</Filter>
    </ClInclude>
    <ClInclude Include="src\AoC_day21.h">
      <Filter>Archivos de encabezado</Filter>
    </ClInclude>
    <ClInclude Include="src\AoC_day25.h">
      <Filter>Archivos de encabezado</Filter>
    </ClInclude>
    <ClInclude Include="src\AoC_day14.h">
      <Filter>Archivos de encabezado</Filter>
    </ClInclude>
    <ClInclude Include="src\AoC_day23.h">
      <Filter>Archivos de encabezado</Filter>
    </ClInclude>
    <ClInclude Include="src\AoC_day18.h">
      <Filter>Archivos de encabezado</Filter>
    </ClInclude>
  </ItemGroup>
</Project>